
Microsoft Visual Studio Solution File, Format Version 12.00
# Visual Studio Version 17
VisualStudioVersion = 17.3.32929.385
MinimumVisualStudioVersion = 10.0.40219.1
Project("{9A19103F-16F7-4668-BE54-9A1E7A4F7556}") = "23.12.2022", "23.12.2022\23.12.2022.csproj", "{EB610B71-0E70-4105-8F20-F525F1609ECD}"
EndProject
Project("{FAE04EC0-301F-11D3-BF4B-00C04F79EFBC}") = "XLM-SQL", "XLM-SQL\XLM-SQL.csproj", "{843011CF-E055-441D-9BB8-CDE09483AB10}"
EndProject
Global
	GlobalSection(SolutionConfigurationPlatforms) = preSolution
		Debug|Any CPU = Debug|Any CPU
		Release|Any CPU = Release|Any CPU
	EndGlobalSection
	GlobalSection(ProjectConfigurationPlatforms) = postSolution
		{EB610B71-0E70-4105-8F20-F525F1609ECD}.Debug|Any CPU.ActiveCfg = Debug|Any CPU
		{EB610B71-0E70-4105-8F20-F525F1609ECD}.Debug|Any CPU.Build.0 = Debug|Any CPU
		{EB610B71-0E70-4105-8F20-F525F1609ECD}.Release|Any CPU.ActiveCfg = Release|Any CPU
		{EB610B71-0E70-4105-8F20-F525F1609ECD}.Release|Any CPU.Build.0 = Release|Any CPU
		{843011CF-E055-441D-9BB8-CDE09483AB10}.Debug|Any CPU.ActiveCfg = Debug|Any CPU
		{843011CF-E055-441D-9BB8-CDE09483AB10}.Debug|Any CPU.Build.0 = Debug|Any CPU
		{843011CF-E055-441D-9BB8-CDE09483AB10}.Release|Any CPU.ActiveCfg = Release|Any CPU
		{843011CF-E055-441D-9BB8-CDE09483AB10}.Release|Any CPU.Build.0 = Release|Any CPU
	EndGlobalSection
	GlobalSection(SolutionProperties) = preSolution
		HideSolutionNode = FALSE
	EndGlobalSection
	GlobalSection(ExtensibilityGlobals) = postSolution
		SolutionGuid = {CB0B6B3B-06FB-4F72-B55E-A8B6AF3BB791}
	EndGlobalSection
EndGlobal
